
Microsoft Visual Studio Solution File, Format Version 12.00
# Visual Studio Version 16
VisualStudioVersion = 16.0.32929.386
MinimumVisualStudioVersion = 10.0.40219.1
Project("{FAE04EC0-301F-11D3-BF4B-00C04F79EFBC}") = "multiplicationBinaryNumbers", "multiplicationBinaryNumbers\multiplicationBinaryNumbers.csproj", "{C22413FF-384A-4D5F-B22F-FDDDF712A1D3}"
EndProject
Global
	GlobalSection(SolutionConfigurationPlatforms) = preSolution
		Debug|Any CPU = Debug|Any CPU
		Release|Any CPU = Release|Any CPU
	EndGlobalSection
	GlobalSection(ProjectConfigurationPlatforms) = postSolution
		{C22413FF-384A-4D5F-B22F-FDDDF712A1D3}.Debug|Any CPU.ActiveCfg = Debug|Any CPU
		{C22413FF-384A-4D5F-B22F-FDDDF712A1D3}.Debug|Any CPU.Build.0 = Debug|Any CPU
		{C22413FF-384A-4D5F-B22F-FDDDF712A1D3}.Release|Any CPU.ActiveCfg = Release|Any CPU
		{C22413FF-384A-4D5F-B22F-FDDDF712A1D3}.Release|Any CPU.Build.0 = Release|Any CPU
	EndGlobalSection
	GlobalSection(SolutionProperties) = preSolution
		HideSolutionNode = FALSE
	EndGlobalSection
	GlobalSection(ExtensibilityGlobals) = postSolution
		SolutionGuid = {DF59E8C0-802C-4344-B706-632C50B04198}
	EndGlobalSection
EndGlobal
